# This file is machine-generated by `gh actions-lock`.
# Do not edit by hand; run `gh actions-lock` to update.
# Docs: https://gh.io/actions-lockfile
version: 'v0.0.2'
workflows:
    '.github/workflows/abi-typecheck.yml':
        - 'actions/checkout@v7.0.1'
    '.github/workflows/android-ndk.yml':
        - 'actions/checkout@v7.0.1'
        - 'actions/setup-java@v6.0.0'
        - 'actions/upload-artifact@v7.0.1'
        - 'android-actions/setup-android@v4.0.1'
        - 'goto-bus-stop/setup-zig@v2.2.1'
        - 'reactivecircus/android-emulator-runner@v2.38.0'
    '.github/workflows/android.yml':
        - 'actions/checkout@v7.0.1'
        - 'goto-bus-stop/setup-zig@v2.2.1'
    '.github/workflows/boj-build.yml':
        - 'actions/checkout@v7.0.1'
    '.github/workflows/ci-cd.yml':
        - 'actions/checkout@v7.0.1'
        - 'actions/download-artifact@v8.0.1'
        - 'actions/upload-artifact@v7.0.1'
        - 'goto-bus-stop/setup-zig@v2.2.1'
        - 'softprops/action-gh-release@v3.0.2'
    '.github/workflows/codeql.yml':
        - 'actions/checkout@v7.0.1'
        - 'github/codeql-action@v4.37.9'
    '.github/workflows/dogfood-gate.yml':
        - 'actions/checkout@v7.0.1'
        - 'hyperpolymath/a2ml-ecosystem@main'
        - 'hyperpolymath/k9-ecosystem@main'
    '.github/workflows/e2e.yml':
        - 'actions/checkout@v7.0.1'
        - 'goto-bus-stop/setup-zig@v2.2.1'
    '.github/workflows/eph-linearity.yml':
        - 'actions/checkout@v7.0.1'
    '.github/workflows/governance.yml':
        - 'hyperpolymath/standards@6208833f327ea18f58f558762dbed9bc0effc049'
    '.github/workflows/hypatia-scan.yml':
        - 'hyperpolymath/standards@2ccc38eaaf8787034ed099e0b72c9ca8b85dc563'
    '.github/workflows/instant-sync.yml':
        - 'peter-evans/repository-dispatch@v4.0.1'
    '.github/workflows/label-triage.yml': []
    '.github/workflows/labels.yml': []
    '.github/workflows/main-estate-audit.yml':
        - 'actions/checkout@v7.0.1'
        - 'hyperpolymath/cicd-suite@main'
    '.github/workflows/mirror.yml':
        - 'hyperpolymath/standards@d135b05bfc647d0c0fbfedc7e80f37ea50f49236'
    '.github/workflows/no-js-scan.yml':
        - 'actions/checkout@v7.0.1'
    '.github/workflows/pages.yml':
        - 'actions/checkout@v7.0.1'
        - 'actions/deploy-pages@v5.0.0'
        - 'actions/upload-pages-artifact@v5.0.0'
    '.github/workflows/push-email-notify.yml':
        - 'hyperpolymath/smtp-notify-action@v0.2.0'
    '.github/workflows/release.yml':
        - 'actions/checkout@v7.0.1'
        - 'actions/upload-artifact@v7.0.1'
        - 'softprops/action-gh-release@v3.0.2'
    '.github/workflows/rhodibot.yml':
        - 'actions/checkout@v7.0.1'
    '.github/workflows/scorecard.yml':
        - 'hyperpolymath/standards@6208833f327ea18f58f558762dbed9bc0effc049'
    '.github/workflows/secret-scanner.yml':
        - 'hyperpolymath/standards@6208833f327ea18f58f558762dbed9bc0effc049'
    '.github/workflows/spark-theatre-gate.yml':
        - 'hyperpolymath/standards@d135b05bfc647d0c0fbfedc7e80f37ea50f49236'
    '.github/workflows/static-analysis-gate.yml':
        - 'actions/checkout@v7.0.1'
        - 'actions/download-artifact@v8.0.1'
        - 'actions/upload-artifact@v7.0.1'
        - 'erlef/setup-beam@v1.24.1'
    '.github/workflows/test.yml':
        - 'actions/checkout@v7.0.1'
        - 'goto-bus-stop/setup-zig@v2.2.1'
dependencies:
    'actions/cache@27d5ce7f107fe9357f9df03efb73ab90386fccae':
        ref: 'v5.0.5'
        commit: 'sha1-27d5ce7f107fe9357f9df03efb73ab90386fccae'
        owner_id: 44036562
        repo_id: 215566462
    'actions/cache@55cc8345863c7cc4c66a329aec7e433d2d1c52a9':
        ref: 'v6.1.0'
        commit: 'sha1-55cc8345863c7cc4c66a329aec7e433d2d1c52a9'
        owner_id: 44036562
        repo_id: 215566462
    'actions/checkout@9c091bb21b7c1c1d1991bb908d89e4e9dddfe3e0':
        ref: 'v7.0.0'
        commit: 'sha1-9c091bb21b7c1c1d1991bb908d89e4e9dddfe3e0'
        owner_id: 44036562
        repo_id: 197814629
    'actions/checkout@v7.0.1':
        ref: 'v7.0.1'
        commit: 'sha1-3d3c42e5aac5ba805825da76410c181273ba90b1'
        owner_id: 44036562
        repo_id: 197814629
    'actions/deploy-pages@v5.0.0':
        ref: 'v5.0.0'
        commit: 'sha1-cd2ce8fcbc39b97be8ca5fce6e763baed58fa128'
        owner_id: 44036562
        repo_id: 438112499
    'actions/download-artifact@v8.0.1':
        ref: 'v8.0.1'
        commit: 'sha1-3e5f45b2cfb9172054b4087a40e8e0b5a5461e7c'
        owner_id: 44036562
        repo_id: 192626254
    'actions/setup-java@v6.0.0':
        ref: 'v6.0.0'
        commit: 'sha1-dd06d9cba3e5552c54d9f8ea23572deb30010f7c'
        owner_id: 44036562
        repo_id: 196057608
    'actions/upload-artifact@043fb46d1a93c77aae656e7c1c64a875d1fc6a0a':
        ref: 'v7.0.1'
        commit: 'sha1-043fb46d1a93c77aae656e7c1c64a875d1fc6a0a'
        owner_id: 44036562
        repo_id: 192625955
    'actions/upload-artifact@bbbca2ddaa5d8feaa63e36b76fdaad77386f024f':
        ref: 'v7.0.0'
        commit: 'sha1-bbbca2ddaa5d8feaa63e36b76fdaad77386f024f'
        owner_id: 44036562
        repo_id: 192625955
    'actions/upload-artifact@v7.0.1':
        ref: 'v7.0.1'
        commit: 'sha1-043fb46d1a93c77aae656e7c1c64a875d1fc6a0a'
        owner_id: 44036562
        repo_id: 192625955
    'actions/upload-pages-artifact@v5.0.0':
        ref: 'v5.0.0'
        commit: 'sha1-fc324d3547104276b827a68afc52ff2a11cc49c9'
        owner_id: 44036562
        repo_id: 496012378
        uses:
            - 'actions/upload-artifact@bbbca2ddaa5d8feaa63e36b76fdaad77386f024f'
    'android-actions/setup-android@v4.0.1':
        ref: 'v4.0.1'
        commit: 'sha1-40fd30fb8d7440372e1316f5d1809ec01dcd3699'
        owner_id: 69522701
        repo_id: 286780795
    'denoland/setup-deno@22d081ff2d3a40755e97629de92e3bcbfa7cf2ed':
        ref: 'v2.0.5'
        commit: 'sha1-22d081ff2d3a40755e97629de92e3bcbfa7cf2ed'
        owner_id: 42048915
        repo_id: 356423100
    'denoland/setup-deno@667a34cdef165d8d2b2e98dde39547c9daac7282':
        ref: 'v2.0.4'
        commit: 'sha1-667a34cdef165d8d2b2e98dde39547c9daac7282'
        owner_id: 42048915
        repo_id: 356423100
    'dtolnay/rust-toolchain@67ef31d5b988238dd797d409d6f9574278e20537':
        ref: 'master'
        commit: 'sha1-67ef31d5b988238dd797d409d6f9574278e20537'
        owner_id: 1940490
        repo_id: 260749683
    'dtolnay/rust-toolchain@fa04a1451ff1842e2626ccb99004d0195b455a88':
        ref: 'master'
        commit: 'sha1-fa04a1451ff1842e2626ccb99004d0195b455a88'
        owner_id: 1940490
        repo_id: 260749683
    'editorconfig-checker/action-editorconfig-checker@840e866d93b8e032123c23bac69dece044d4d84c':
        ref: 'v2.2.0'
        commit: 'sha1-840e866d93b8e032123c23bac69dece044d4d84c'
        owner_id: 26415196
        repo_id: 297874902
    'erlef/setup-beam@54075bcc5e249e4758d363f27d099f55d843f124':
        ref: 'v1.24.1'
        commit: 'sha1-54075bcc5e249e4758d363f27d099f55d843f124'
        owner_id: 47606891
        repo_id: 331103973
    'erlef/setup-beam@fc68ffb90438ef2936bbb3251622353b3dcb2f93':
        ref: 'v1.24.0'
        commit: 'sha1-fc68ffb90438ef2936bbb3251622353b3dcb2f93'
        owner_id: 47606891
        repo_id: 331103973
    'erlef/setup-beam@v1.24.1':
        ref: 'v1.24.1'
        commit: 'sha1-54075bcc5e249e4758d363f27d099f55d843f124'
        owner_id: 47606891
        repo_id: 331103973
    'github/codeql-action@99df26d4f13ea111d4ec1a7dddef6063f76b97e9':
        ref: 'v4.37.0'
        commit: 'sha1-99df26d4f13ea111d4ec1a7dddef6063f76b97e9'
        owner_id: 9919
        repo_id: 259445878
    'github/codeql-action@v4.37.9':
        ref: 'v4.37.9'
        commit: 'sha1-cdf488f595d80d6e07e03d4674febd5ab45fa938'
        owner_id: 9919
        repo_id: 259445878
    'gitleaks/gitleaks-action@e0c47f4f8be36e29cdc102c57e68cb5cbf0e8d1e':
        ref: 'v3.0.0'
        commit: 'sha1-e0c47f4f8be36e29cdc102c57e68cb5cbf0e8d1e'
        owner_id: 90395851
        repo_id: 242854909
    'goto-bus-stop/setup-zig@v2.2.1':
        ref: 'v2.2.1'
        commit: 'sha1-abea47f85e598557f500fa1fd2ab7464fcb39406'
        owner_id: 1006268
        repo_id: 212984112
    'hyperpolymath/a2ml-ecosystem@main':
        ref: 'main'
        commit: 'sha1-7b0b7919278887371aad6cdff2a2a520b2ca8162'
        owner_id: 6759885
        repo_id: 1275649586
    'hyperpolymath/cicd-suite@main':
        ref: 'main'
        commit: 'sha1-e429cf0722a59c2a29798e96dc886663bd060631'
        owner_id: 6759885
        repo_id: 1326697643
    'hyperpolymath/k9-ecosystem@main':
        ref: 'main'
        commit: 'sha1-cfc9bfa56f352680608a4a54adde445587db24a2'
        owner_id: 6759885
        repo_id: 1275650185
    'hyperpolymath/smtp-notify-action@v0.2.0':
        ref: 'v0.2.0'
        commit: 'sha1-ede1191ef6ff3ac02c4f4d9efdf837ee517e11d7'
        owner_id: 6759885
        repo_id: 1352485172
    'hyperpolymath/standards@2ccc38eaaf8787034ed099e0b72c9ca8b85dc563':
        ref: '2ccc38eaaf8787034ed099e0b72c9ca8b85dc563'
        commit: 'sha1-2ccc38eaaf8787034ed099e0b72c9ca8b85dc563'
        owner_id: 6759885
        repo_id: 1116521501
        uses:
            - 'actions/cache@55cc8345863c7cc4c66a329aec7e433d2d1c52a9'
            - 'actions/checkout@9c091bb21b7c1c1d1991bb908d89e4e9dddfe3e0'
            - 'actions/upload-artifact@043fb46d1a93c77aae656e7c1c64a875d1fc6a0a'
            - 'denoland/setup-deno@22d081ff2d3a40755e97629de92e3bcbfa7cf2ed'
            - 'dtolnay/rust-toolchain@fa04a1451ff1842e2626ccb99004d0195b455a88'
            - 'editorconfig-checker/action-editorconfig-checker@840e866d93b8e032123c23bac69dece044d4d84c'
            - 'erlef/setup-beam@54075bcc5e249e4758d363f27d099f55d843f124'
            - 'github/codeql-action@99df26d4f13ea111d4ec1a7dddef6063f76b97e9'
            - 'gitleaks/gitleaks-action@e0c47f4f8be36e29cdc102c57e68cb5cbf0e8d1e'
            - 'ossf/scorecard-action@4eaacf0543bb3f2c246792bd56e8cdeffafb205a'
            - 'trufflesecurity/trufflehog@00155c9dc586f34d189adc83d3ac2698c2ec551f'
            - 'webfactory/ssh-agent@e83874834305fe9a4a2997156cb26c5de65a8555'
    'hyperpolymath/standards@6208833f327ea18f58f558762dbed9bc0effc049':
        ref: '6208833f327ea18f58f558762dbed9bc0effc049'
        commit: 'sha1-6208833f327ea18f58f558762dbed9bc0effc049'
        owner_id: 6759885
        repo_id: 1116521501
        uses:
            - 'actions/cache@55cc8345863c7cc4c66a329aec7e433d2d1c52a9'
            - 'actions/checkout@9c091bb21b7c1c1d1991bb908d89e4e9dddfe3e0'
            - 'actions/upload-artifact@043fb46d1a93c77aae656e7c1c64a875d1fc6a0a'
            - 'denoland/setup-deno@22d081ff2d3a40755e97629de92e3bcbfa7cf2ed'
            - 'dtolnay/rust-toolchain@fa04a1451ff1842e2626ccb99004d0195b455a88'
            - 'editorconfig-checker/action-editorconfig-checker@840e866d93b8e032123c23bac69dece044d4d84c'
            - 'erlef/setup-beam@54075bcc5e249e4758d363f27d099f55d843f124'
            - 'gitleaks/gitleaks-action@e0c47f4f8be36e29cdc102c57e68cb5cbf0e8d1e'
            - 'ossf/scorecard-action@4eaacf0543bb3f2c246792bd56e8cdeffafb205a'
            - 'trufflesecurity/trufflehog@00155c9dc586f34d189adc83d3ac2698c2ec551f'
            - 'webfactory/ssh-agent@e83874834305fe9a4a2997156cb26c5de65a8555'
    'hyperpolymath/standards@d135b05bfc647d0c0fbfedc7e80f37ea50f49236':
        ref: 'd135b05bfc647d0c0fbfedc7e80f37ea50f49236'
        commit: 'sha1-d135b05bfc647d0c0fbfedc7e80f37ea50f49236'
        owner_id: 6759885
        repo_id: 1116521501
        uses:
            - 'actions/cache@27d5ce7f107fe9357f9df03efb73ab90386fccae'
            - 'actions/checkout@9c091bb21b7c1c1d1991bb908d89e4e9dddfe3e0'
            - 'actions/upload-artifact@043fb46d1a93c77aae656e7c1c64a875d1fc6a0a'
            - 'denoland/setup-deno@667a34cdef165d8d2b2e98dde39547c9daac7282'
            - 'dtolnay/rust-toolchain@67ef31d5b988238dd797d409d6f9574278e20537'
            - 'editorconfig-checker/action-editorconfig-checker@840e866d93b8e032123c23bac69dece044d4d84c'
            - 'erlef/setup-beam@fc68ffb90438ef2936bbb3251622353b3dcb2f93'
            - 'gitleaks/gitleaks-action@e0c47f4f8be36e29cdc102c57e68cb5cbf0e8d1e'
            - 'ossf/scorecard-action@4eaacf0543bb3f2c246792bd56e8cdeffafb205a'
            - 'trufflesecurity/trufflehog@d411fff7b8879a62509f3fa98c07f247ac089a51'
            - 'webfactory/ssh-agent@e83874834305fe9a4a2997156cb26c5de65a8555'
    'ossf/scorecard-action@4eaacf0543bb3f2c246792bd56e8cdeffafb205a':
        ref: 'v2.4.3'
        commit: 'sha1-4eaacf0543bb3f2c246792bd56e8cdeffafb205a'
        owner_id: 67707773
        repo_id: 421101922
    'peter-evans/repository-dispatch@v4.0.1':
        ref: 'v4.0.1'
        commit: 'sha1-28959ce8df70de7be546dd1250a005dd32156697'
        owner_id: 18365890
        repo_id: 220359305
    'reactivecircus/android-emulator-runner@v2.38.0':
        ref: 'v2.38.0'
        commit: 'sha1-a421e43855164a8197daf9d8d40fe71c6996bb0d'
        owner_id: 51352484
        repo_id: 219782401
    'softprops/action-gh-release@v3.0.2':
        ref: 'v3.0.2'
        commit: 'sha1-3d0d9888cb7fd7b750713d6e236d1fcb99157228'
        owner_id: 2242
        repo_id: 204253808
    'trufflesecurity/trufflehog@00155c9dc586f34d189adc83d3ac2698c2ec551f':
        ref: 'v3.95.8'
        commit: 'sha1-00155c9dc586f34d189adc83d3ac2698c2ec551f'
        owner_id: 79229934
        repo_id: 77726177
    'trufflesecurity/trufflehog@d411fff7b8879a62509f3fa98c07f247ac089a51':
        ref: 'v3.95.5'
        commit: 'sha1-d411fff7b8879a62509f3fa98c07f247ac089a51'
        owner_id: 79229934
        repo_id: 77726177
    'webfactory/ssh-agent@e83874834305fe9a4a2997156cb26c5de65a8555':
        ref: 'v0.10.0'
        commit: 'sha1-e83874834305fe9a4a2997156cb26c5de65a8555'
        owner_id: 135788
        repo_id: 208510314
